// !$*UTF8*$!
{
	archiveVersion = 1;
	classes = {
	};
	objectVersion = 46;
	objects = {

/* Begin PBXBuildFile section */
		30877E0915E0B59200C872B1 /* CPPickerView.m in Sources */ = {isa = PBXBuildFile; fileRef = 30877E0215E0B59200C872B1 /* CPPickerView.m */; };
		30877E0A15E0B59200C872B1 /* CPPickerViewCell.m in Sources */ = {isa = PBXBuildFile; fileRef = 30877E0415E0B59200C872B1 /* CPPickerViewCell.m */; };
		30877E0B15E0B59200C872B1 /* horizontalPickerShadow@2x.png in Resources */ = {isa = PBXBuildFile; fileRef = 30877E0515E0B59200C872B1 /* horizontalPickerShadow@2x.png */; };
		30877E0C15E0B59200C872B1 /* shadowOverlay@2x.png in Resources */ = {isa = PBXBuildFile; fileRef = 30877E0615E0B59200C872B1 /* shadowOverlay@2x.png */; };
		30877E0D15E0B59200C872B1 /* stretchableGlass@2x.png in Resources */ = {isa = PBXBuildFile; fileRef = 30877E0715E0B59200C872B1 /* stretchableGlass@2x.png */; };
		30877E0E15E0B59200C872B1 /* wheelBackground@2x.png in Resources */ = {isa = PBXBuildFile; fileRef = 30877E0815E0B59200C872B1 /* wheelBackground@2x.png */; };
		30877E1D15E0B9FE00C872B1 /* ShowcaseFilterViewController.m in Sources */ = {isa = PBXBuildFile; fileRef = 30877E1B15E0B9FE00C872B1 /* ShowcaseFilterViewController.m */; };
		30877E1E15E0B9FE00C872B1 /* ShowcaseFilterViewController.xib in Resources */ = {isa = PBXBuildFile; fileRef = 30877E1C15E0B9FE00C872B1 /* ShowcaseFilterViewController.xib */; };
		30877E2015E0BC4C00C872B1 /* CoreImage.framework in Frameworks */ = {isa = PBXBuildFile; fileRef = 30877E1F15E0BC4C00C872B1 /* CoreImage.framework */; };
		3092B91D15E2F85500AE4032 /* image.png in Resources */ = {isa = PBXBuildFile; fileRef = 3092B8D715E2F85500AE4032 /* image.png */; };
		3092B91E15E2F85500AE4032 /* SingleImageViewController.m in Sources */ = {isa = PBXBuildFile; fileRef = 3092B8D915E2F85500AE4032 /* SingleImageViewController.m */; };
		3092B91F15E2F85500AE4032 /* 0.png in Resources */ = {isa = PBXBuildFile; fileRef = 3092B8DB15E2F85500AE4032 /* 0.png */; };
		3092B92015E2F85500AE4032 /* 0@2x.png in Resources */ = {isa = PBXBuildFile; fileRef = 3092B8DC15E2F85500AE4032 /* 0@2x.png */; };
		3092B92115E2F85500AE4032 /* 1.png in Resources */ = {isa = PBXBuildFile; fileRef = 3092B8DD15E2F85500AE4032 /* 1.png */; };
		3092B92215E2F85500AE4032 /* 1@2x.png in Resources */ = {isa = PBXBuildFile; fileRef = 3092B8DE15E2F85500AE4032 /* 1@2x.png */; };
		3092B92315E2F85500AE4032 /* 2.png in Resources */ = {isa = PBXBuildFile; fileRef = 3092B8DF15E2F85500AE4032 /* 2.png */; };
		3092B92415E2F85500AE4032 /* 2@2x.png in Resources */ = {isa = PBXBuildFile; fileRef = 3092B8E015E2F85500AE4032 /* 2@2x.png */; };
		3092B92515E2F85500AE4032 /* 3.png in Resources */ = {isa = PBXBuildFile; fileRef = 3092B8E115E2F85500AE4032 /* 3.png */; };
		3092B92615E2F85500AE4032 /* 3@2x.png in Resources */ = {isa = PBXBuildFile; fileRef = 3092B8E215E2F85500AE4032 /* 3@2x.png */; };
		3092B92715E2F85500AE4032 /* 4.png in Resources */ = {isa = PBXBuildFile; fileRef = 3092B8E315E2F85500AE4032 /* 4.png */; };
		3092B92815E2F85500AE4032 /* 4@2x.png in Resources */ = {isa = PBXBuildFile; fileRef = 3092B8E415E2F85500AE4032 /* 4@2x.png */; };
		3092B92915E2F85500AE4032 /* 5.png in Resources */ = {isa = PBXBuildFile; fileRef = 3092B8E515E2F85500AE4032 /* 5.png */; };
		3092B92A15E2F85500AE4032 /* 5@2x.png in Resources */ = {isa = PBXBuildFile; fileRef = 3092B8E615E2F85500AE4032 /* 5@2x.png */; };
		3092B92B15E2F85500AE4032 /* 6.png in Resources */ = {isa = PBXBuildFile; fileRef = 3092B8E715E2F85500AE4032 /* 6.png */; };
		3092B92C15E2F85500AE4032 /* 6@2x.png in Resources */ = {isa = PBXBuildFile; fileRef = 3092B8E815E2F85500AE4032 /* 6@2x.png */; };
		3092B92D15E2F85500AE4032 /* 7.png in Resources */ = {isa = PBXBuildFile; fileRef = 3092B8E915E2F85500AE4032 /* 7.png */; };
		3092B92E15E2F85500AE4032 /* 7@2x.png in Resources */ = {isa = PBXBuildFile; fileRef = 3092B8EA15E2F85500AE4032 /* 7@2x.png */; };
		3092B92F15E2F85500AE4032 /* HHYoukuMenuView.m in Sources */ = {isa = PBXBuildFile; fileRef = 3092B8EC15E2F85500AE4032 /* HHYoukuMenuView.m */; };
		3092B93015E2F85500AE4032 /* hidemenu.png in Resources */ = {isa = PBXBuildFile; fileRef = 3092B8ED15E2F85500AE4032 /* hidemenu.png */; };
		3092B93115E2F85500AE4032 /* hidemenu@2x.png in Resources */ = {isa = PBXBuildFile; fileRef = 3092B8EE15E2F85500AE4032 /* hidemenu@2x.png */; };
		3092B93215E2F85500AE4032 /* mcartoon.png in Resources */ = {isa = PBXBuildFile; fileRef = 3092B8EF15E2F85500AE4032 /* mcartoon.png */; };
		3092B93315E2F85500AE4032 /* mcartoon@2x.png in Resources */ = {isa = PBXBuildFile; fileRef = 3092B8F015E2F85500AE4032 /* mcartoon@2x.png */; };
		3092B93415E2F85500AE4032 /* mcartoonh.png in Resources */ = {isa = PBXBuildFile; fileRef = 3092B8F115E2F85500AE4032 /* mcartoonh.png */; };
		3092B93515E2F85500AE4032 /* mcartoonh@2x.png in Resources */ = {isa = PBXBuildFile; fileRef = 3092B8F215E2F85500AE4032 /* mcartoonh@2x.png */; };
		3092B93615E2F85500AE4032 /* menter.png in Resources */ = {isa = PBXBuildFile; fileRef = 3092B8F315E2F85500AE4032 /* menter.png */; };
		3092B93715E2F85500AE4032 /* menter@2x.png in Resources */ = {isa = PBXBuildFile; fileRef = 3092B8F415E2F85500AE4032 /* menter@2x.png */; };
		3092B93815E2F85500AE4032 /* menterh.png in Resources */ = {isa = PBXBuildFile; fileRef = 3092B8F515E2F85500AE4032 /* menterh.png */; };
		3092B93915E2F85500AE4032 /* menterh@2x.png in Resources */ = {isa = PBXBuildFile; fileRef = 3092B8F615E2F85500AE4032 /* menterh@2x.png */; };
		3092B93A15E2F85500AE4032 /* menu.png in Resources */ = {isa = PBXBuildFile; fileRef = 3092B8F715E2F85500AE4032 /* menu.png */; };
		3092B93B15E2F85500AE4032 /* menu1.png in Resources */ = {isa = PBXBuildFile; fileRef = 3092B8F815E2F85500AE4032 /* menu1.png */; };
		3092B93C15E2F85500AE4032 /* menu1@2x.png in Resources */ = {isa = PBXBuildFile; fileRef = 3092B8F915E2F85500AE4032 /* menu1@2x.png */; };
		3092B93D15E2F85500AE4032 /* menu2.png in Resources */ = {isa = PBXBuildFile; fileRef = 3092B8FA15E2F85500AE4032 /* menu2.png */; };
		3092B93E15E2F85500AE4032 /* menu2@2x.png in Resources */ = {isa = PBXBuildFile; fileRef = 3092B8FB15E2F85500AE4032 /* menu2@2x.png */; };
		3092B93F15E2F85500AE4032 /* menu@2x.png in Resources */ = {isa = PBXBuildFile; fileRef = 3092B8FC15E2F85500AE4032 /* menu@2x.png */; };
		3092B94015E2F85500AE4032 /* mhome.png in Resources */ = {isa = PBXBuildFile; fileRef = 3092B8FD15E2F85500AE4032 /* mhome.png */; };
		3092B94115E2F85500AE4032 /* mhome@2x.png in Resources */ = {isa = PBXBuildFile; fileRef = 3092B8FE15E2F85500AE4032 /* mhome@2x.png */; };
		3092B94215E2F85500AE4032 /* mhomel.png in Resources */ = {isa = PBXBuildFile; fileRef = 3092B8FF15E2F85500AE4032 /* mhomel.png */; };
		3092B94315E2F85500AE4032 /* mhomel@2x.png in Resources */ = {isa = PBXBuildFile; fileRef = 3092B90015E2F85500AE4032 /* mhomel@2x.png */; };
		3092B94415E2F85500AE4032 /* mmenu.png in Resources */ = {isa = PBXBuildFile; fileRef = 3092B90115E2F85500AE4032 /* mmenu.png */; };
		3092B94515E2F85500AE4032 /* mmenu@2x.png in Resources */ = {isa = PBXBuildFile; fileRef = 3092B90215E2F85500AE4032 /* mmenu@2x.png */; };
		3092B94615E2F85500AE4032 /* mmenup.png in Resources */ = {isa = PBXBuildFile; fileRef = 3092B90315E2F85500AE4032 /* mmenup.png */; };
		3092B94715E2F85500AE4032 /* mmenup@2x.png in Resources */ = {isa = PBXBuildFile; fileRef = 3092B90415E2F85500AE4032 /* mmenup@2x.png */; };
		3092B94815E2F85500AE4032 /* mmovie.png in Resources */ = {isa = PBXBuildFile; fileRef = 3092B90515E2F85500AE4032 /* mmovie.png */; };
		3092B94915E2F85500AE4032 /* mmovie@2x.png in Resources */ = {isa = PBXBuildFile; fileRef = 3092B90615E2F85500AE4032 /* mmovie@2x.png */; };
		3092B94A15E2F85600AE4032 /* mmovieh.png in Resources */ = {isa = PBXBuildFile; fileRef = 3092B90715E2F85500AE4032 /* mmovieh.png */; };
		3092B94B15E2F85600AE4032 /* mmovieh@2x.png in Resources */ = {isa = PBXBuildFile; fileRef = 3092B90815E2F85500AE4032 /* mmovieh@2x.png */; };
		3092B94C15E2F85600AE4032 /* mmusic.png in Resources */ = {isa = PBXBuildFile; fileRef = 3092B90915E2F85500AE4032 /* mmusic.png */; };
		3092B94D15E2F85600AE4032 /* mmusic@2x.png in Resources */ = {isa = PBXBuildFile; fileRef = 3092B90A15E2F85500AE4032 /* mmusic@2x.png */; };
		3092B94E15E2F85600AE4032 /* mmusich.png in Resources */ = {isa = PBXBuildFile; fileRef = 3092B90B15E2F85500AE4032 /* mmusich.png */; };
		3092B94F15E2F85600AE4032 /* mmusich@2x.png in Resources */ = {isa = PBXBuildFile; fileRef = 3092B90C15E2F85500AE4032 /* mmusich@2x.png */; };
		3092B95015E2F85600AE4032 /* mmyi.png in Resources */ = {isa = PBXBuildFile; fileRef = 3092B90D15E2F85500AE4032 /* mmyi.png */; };
		3092B95115E2F85600AE4032 /* mmyi@2x.png in Resources */ = {isa = PBXBuildFile; fileRef = 3092B90E15E2F85500AE4032 /* mmyi@2x.png */; };
		3092B95215E2F85600AE4032 /* mrank.png in Resources */ = {isa = PBXBuildFile; fileRef = 3092B90F15E2F85500AE4032 /* mrank.png */; };
		3092B95315E2F85600AE4032 /* mrank@2x.png in Resources */ = {isa = PBXBuildFile; fileRef = 3092B91015E2F85500AE4032 /* mrank@2x.png */; };
		3092B95415E2F85600AE4032 /* mrankh.png in Resources */ = {isa = PBXBuildFile; fileRef = 3092B91115E2F85500AE4032 /* mrankh.png */; };
		3092B95515E2F85600AE4032 /* mrankh@2x.png in Resources */ = {isa = PBXBuildFile; fileRef = 3092B91215E2F85500AE4032 /* mrankh@2x.png */; };
		3092B95615E2F85600AE4032 /* msearch.png in Resources */ = {isa = PBXBuildFile; fileRef = 3092B91315E2F85500AE4032 /* msearch.png */; };
		3092B95715E2F85600AE4032 /* msearch@2x.png in Resources */ = {isa = PBXBuildFile; fileRef = 3092B91415E2F85500AE4032 /* msearch@2x.png */; };
		3092B95815E2F85600AE4032 /* mserial.png in Resources */ = {isa = PBXBuildFile; fileRef = 3092B91515E2F85500AE4032 /* mserial.png */; };
		3092B95915E2F85600AE4032 /* mserial@2x.png in Resources */ = {isa = PBXBuildFile; fileRef = 3092B91615E2F85500AE4032 /* mserial@2x.png */; };
		3092B95A15E2F85600AE4032 /* mserialh.png in Resources */ = {isa = PBXBuildFile; fileRef = 3092B91715E2F85500AE4032 /* mserialh.png */; };
		3092B95B15E2F85600AE4032 /* mserialh@2x.png in Resources */ = {isa = PBXBuildFile; fileRef = 3092B91815E2F85500AE4032 /* mserialh@2x.png */; };
		3092B95C15E2F85600AE4032 /* mvideo.png in Resources */ = {isa = PBXBuildFile; fileRef = 3092B91915E2F85500AE4032 /* mvideo.png */; };
		3092B95D15E2F85600AE4032 /* mvideo@2x.png in Resources */ = {isa = PBXBuildFile; fileRef = 3092B91A15E2F85500AE4032 /* mvideo@2x.png */; };
		3092B95E15E2F85600AE4032 /* mvideoh.png in Resources */ = {isa = PBXBuildFile; fileRef = 3092B91B15E2F85500AE4032 /* mvideoh.png */; };
		3092B95F15E2F85600AE4032 /* mvideoh@2x.png in Resources */ = {isa = PBXBuildFile; fileRef = 3092B91C15E2F85500AE4032 /* mvideoh@2x.png */; };
		30970E3815E0548B00CD5117 /* libGPUImage.a in Frameworks */ = {isa = PBXBuildFile; fileRef = 30970E3315E0546A00CD5117 /* libGPUImage.a */; };
		C126B69315C4A14300613404 /* UIKit.framework in Frameworks */ = {isa = PBXBuildFile; fileRef = C126B69215C4A14300613404 /* UIKit.framework */; };
		C126B69515C4A14300613404 /* Foundation.framework in Frameworks */ = {isa = PBXBuildFile; fileRef = C126B69415C4A14300613404 /* Foundation.framework */; };
		C126B69715C4A14300613404 /* CoreGraphics.framework in Frameworks */ = {isa = PBXBuildFile; fileRef = C126B69615C4A14300613404 /* CoreGraphics.framework */; };
		C126B69D15C4A14300613404 /* InfoPlist.strings in Resources */ = {isa = PBXBuildFile; fileRef = C126B69B15C4A14300613404 /* InfoPlist.strings */; };
		C126B69F15C4A14300613404 /* main.m in Sources */ = {isa = PBXBuildFile; fileRef = C126B69E15C4A14300613404 /* main.m */; };
		C126B6A315C4A14300613404 /* AppDelegate.m in Sources */ = {isa = PBXBuildFile; fileRef = C126B6A215C4A14300613404 /* AppDelegate.m */; };
		C17E26CD15D1D0BA00C5C781 /* CoreMedia.framework in Frameworks */ = {isa = PBXBuildFile; fileRef = C17E26CC15D1D0BA00C5C781 /* CoreMedia.framework */; };
		C17E26D015D1D0C000C5C781 /* CoreVideo.framework in Frameworks */ = {isa = PBXBuildFile; fileRef = C17E26CF15D1D0C000C5C781 /* CoreVideo.framework */; };
		C17E26D215D1D0CD00C5C781 /* OpenGLES.framework in Frameworks */ = {isa = PBXBuildFile; fileRef = C17E26D115D1D0CD00C5C781 /* OpenGLES.framework */; };
		C17E26D415D1D0D400C5C781 /* QuartzCore.framework in Frameworks */ = {isa = PBXBuildFile; fileRef = C17E26D315D1D0D400C5C781 /* QuartzCore.framework */; };
		C17E26D615D1D0E400C5C781 /* AssetsLibrary.framework in Frameworks */ = {isa = PBXBuildFile; fileRef = C17E26D515D1D0E400C5C781 /* AssetsLibrary.framework */; };
		C17E26D815D1D0F300C5C781 /* AVFoundation.framework in Frameworks */ = {isa = PBXBuildFile; fileRef = C17E26D715D1D0F300C5C781 /* AVFoundation.framework */; };
		C17E26E515D1D14300C5C781 /* libAviarySDK.a in Frameworks */ = {isa = PBXBuildFile; fileRef = C17E26E015D1D14300C5C781 /* libAviarySDK.a */; };
		C17E26E615D1D14300C5C781 /* AviarySDKResources.bundle in Resources */ = {isa = PBXBuildFile; fileRef = C17E26E215D1D14300C5C781 /* AviarySDKResources.bundle */; };
		C17E26E715D1D14300C5C781 /* Default.png in Resources */ = {isa = PBXBuildFile; fileRef = C17E26E415D1D14300C5C781 /* Default.png */; };
		C17E26E915D1D1AE00C5C781 /* StoreKit.framework in Frameworks */ = {isa = PBXBuildFile; fileRef = C17E26E815D1D1AE00C5C781 /* StoreKit.framework */; };
		C17E26EB15D1D1DD00C5C781 /* libz.1.1.3.dylib in Frameworks */ = {isa = PBXBuildFile; fileRef = C17E26EA15D1D1DD00C5C781 /* libz.1.1.3.dylib */; };
		C17E26ED15D1D1F200C5C781 /* CoreData.framework in Frameworks */ = {isa = PBXBuildFile; fileRef = C17E26EC15D1D1F200C5C781 /* CoreData.framework */; };
		C17E26EF15D1D25E00C5C781 /* libsqlite3.0.dylib in Frameworks */ = {isa = PBXBuildFile; fileRef = C17E26EE15D1D25E00C5C781 /* libsqlite3.0.dylib */; };
		C1C9610B15D5B49000439289 /* PagePhotoViewController.m in Sources */ = {isa = PBXBuildFile; fileRef = C1C9610A15D5B49000439289 /* PagePhotoViewController.m */; };
		C1ED5C8C15D29EB80072AAB0 /* PagePhotosView.m in Sources */ = {isa = PBXBuildFile; fileRef = C1ED5C8B15D29EB80072AAB0 /* PagePhotosView.m */; };
		C1ED5C9215D29EC20072AAB0 /* 1933_1.jpg in Resources */ = {isa = PBXBuildFile; fileRef = C1ED5C8D15D29EC20072AAB0 /* 1933_1.jpg */; };
		C1ED5C9315D29EC20072AAB0 /* 1933_2.jpg in Resources */ = {isa = PBXBuildFile; fileRef = C1ED5C8E15D29EC20072AAB0 /* 1933_2.jpg */; };
		C1ED5C9415D29EC20072AAB0 /* 1933_3.jpg in Resources */ = {isa = PBXBuildFile; fileRef = C1ED5C8F15D29EC20072AAB0 /* 1933_3.jpg */; };
		C1ED5C9515D29EC20072AAB0 /* 1933_4.jpg in Resources */ = {isa = PBXBuildFile; fileRef = C1ED5C9015D29EC20072AAB0 /* 1933_4.jpg */; };
		C1ED5C9615D29EC20072AAB0 /* 1933_5.jpg in Resources */ = {isa = PBXBuildFile; fileRef = C1ED5C9115D29EC20072AAB0 /* 1933_5.jpg */; };
/* End PBXBuildFile section */

/* Begin PBXContainerItemProxy section */
		30970E3215E0546A00CD5117 /* PBXContainerItemProxy */ = {
			isa = PBXContainerItemProxy;
			containerPortal = 30970E2915E0546A00CD5117 /* GPUImage.xcodeproj */;
			proxyType = 2;
			remoteGlobalIDString = BCF1A33414DDB1EC00852800;
			remoteInfo = GPUImage;
		};
		30970E3415E0546A00CD5117 /* PBXContainerItemProxy */ = {
			isa = PBXContainerItemProxy;
			containerPortal = 30970E2915E0546A00CD5117 /* GPUImage.xcodeproj */;
			proxyType = 2;
			remoteGlobalIDString = BCF1A34414DDB1EC00852800;
			remoteInfo = GPUImageTests;
		};
		30970E3615E0547F00CD5117 /* PBXContainerItemProxy */ = {
			isa = PBXContainerItemProxy;
			containerPortal = 30970E2915E0546A00CD5117 /* GPUImage.xcodeproj */;
			proxyType = 1;
			remoteGlobalIDString = BCF1A33314DDB1EC00852800;
			remoteInfo = GPUImage;
		};
		30D5902F15DFCCF2000C0C6A /* PBXContainerItemProxy */ = {
			isa = PBXContainerItemProxy;
			containerPortal = 30D5902615DFCCF1000C0C6A /* GPUImage.xcodeproj */;
			proxyType = 2;
			remoteGlobalIDString = BCF1A33414DDB1EC00852800;
			remoteInfo = GPUImage;
		};
		30D5903115DFCCF2000C0C6A /* PBXContainerItemProxy */ = {
			isa = PBXContainerItemProxy;
			containerPortal = 30D5902615DFCCF1000C0C6A /* GPUImage.xcodeproj */;
			proxyType = 2;
			remoteGlobalIDString = BCF1A34414DDB1EC00852800;
			remoteInfo = GPUImageTests;
		};
		30D5903315DFCD24000C0C6A /* PBXContainerItemProxy */ = {
			isa = PBXContainerItemProxy;
			containerPortal = 30D5902615DFCCF1000C0C6A /* GPUImage.xcodeproj */;
			proxyType = 1;
			remoteGlobalIDString = BCF1A33314DDB1EC00852800;
			remoteInfo = GPUImage;
		};
/* End PBXContainerItemProxy section */

/* Begin PBXFileReference section */
		30877E0115E0B59200C872B1 /* CPPickerView.h */ = {isa = PBXFileReference; fileEncoding = 4; lastKnownFileType = sourcecode.c.h; path = CPPickerView.h; sourceTree = "<group>"; };
		30877E0215E0B59200C872B1 /* CPPickerView.m */ = {isa = PBXFileReference; fileEncoding = 4; lastKnownFileType = sourcecode.c.objc; path = CPPickerView.m; sourceTree = "<group>"; };
		30877E0315E0B59200C872B1 /* CPPickerViewCell.h */ = {isa = PBXFileReference; fileEncoding = 4; lastKnownFileType = sourcecode.c.h; path = CPPickerViewCell.h; sourceTree = "<group>"; };
		30877E0415E0B59200C872B1 /* CPPickerViewCell.m */ = {isa = PBXFileReference; fileEncoding = 4; lastKnownFileType = sourcecode.c.objc; path = CPPickerViewCell.m; sourceTree = "<group>"; };
		30877E0515E0B59200C872B1 /* horizontalPickerShadow@2x.png */ = {isa = PBXFileReference; lastKnownFileType = image.png; path = "horizontalPickerShadow@2x.png"; sourceTree = "<group>"; };
		30877E0615E0B59200C872B1 /* shadowOverlay@2x.png */ = {isa = PBXFileReference; lastKnownFileType = image.png; path = "shadowOverlay@2x.png"; sourceTree = "<group>"; };
		30877E0715E0B59200C872B1 /* stretchableGlass@2x.png */ = {isa = PBXFileReference; lastKnownFileType = image.png; path = "stretchableGlass@2x.png"; sourceTree = "<group>"; };
		30877E0815E0B59200C872B1 /* wheelBackground@2x.png */ = {isa = PBXFileReference; lastKnownFileType = image.png; path = "wheelBackground@2x.png"; sourceTree = "<group>"; };
		30877E1A15E0B9FE00C872B1 /* ShowcaseFilterViewController.h */ = {isa = PBXFileReference; fileEncoding = 4; lastKnownFileType = sourcecode.c.h; path = ShowcaseFilterViewController.h; sourceTree = "<group>"; };
		30877E1B15E0B9FE00C872B1 /* ShowcaseFilterViewController.m */ = {isa = PBXFileReference; fileEncoding = 4; lastKnownFileType = sourcecode.c.objc; path = ShowcaseFilterViewController.m; sourceTree = "<group>"; };
		30877E1C15E0B9FE00C872B1 /* ShowcaseFilterViewController.xib */ = {isa = PBXFileReference; fileEncoding = 4; lastKnownFileType = file.xib; path = ShowcaseFilterViewController.xib; sourceTree = "<group>"; };
		30877E1F15E0BC4C00C872B1 /* CoreImage.framework */ = {isa = PBXFileReference; lastKnownFileType = wrapper.framework; name = CoreImage.framework; path = System/Library/Frameworks/CoreImage.framework; sourceTree = SDKROOT; };
		3092B8D715E2F85500AE4032 /* image.png */ = {isa = PBXFileReference; lastKnownFileType = image.png; name = image.png; path = ../image.png; sourceTree = "<group>"; };
		3092B8D815E2F85500AE4032 /* SingleImageViewController.h */ = {isa = PBXFileReference; fileEncoding = 4; lastKnownFileType = sourcecode.c.h; path = SingleImageViewController.h; sourceTree = "<group>"; };
		3092B8D915E2F85500AE4032 /* SingleImageViewController.m */ = {isa = PBXFileReference; fileEncoding = 4; lastKnownFileType = sourcecode.c.objc; path = SingleImageViewController.m; sourceTree = "<group>"; };
		3092B8DB15E2F85500AE4032 /* 0.png */ = {isa = PBXFileReference; lastKnownFileType = image.png; path = 0.png; sourceTree = "<group>"; };
		3092B8DC15E2F85500AE4032 /* 0@2x.png */ = {isa = PBXFileReference; lastKnownFileType = image.png; path = "0@2x.png"; sourceTree = "<group>"; };
		3092B8DD15E2F85500AE4032 /* 1.png */ = {isa = PBXFileReference; lastKnownFileType = image.png; path = 1.png; sourceTree = "<group>"; };
		3092B8DE15E2F85500AE4032 /* 1@2x.png */ = {isa = PBXFileReference; lastKnownFileType = image.png; path = "1@2x.png"; sourceTree = "<group>"; };
		3092B8DF15E2F85500AE4032 /* 2.png */ = {isa = PBXFileReference; lastKnownFileType = image.png; path = 2.png; sourceTree = "<group>"; };
		3092B8E015E2F85500AE4032 /* 2@2x.png */ = {isa = PBXFileReference; lastKnownFileType = image.png; path = "2@2x.png"; sourceTree = "<group>"; };
		3092B8E115E2F85500AE4032 /* 3.png */ = {isa = PBXFileReference; lastKnownFileType = image.png; path = 3.png; sourceTree = "<group>"; };
		3092B8E215E2F85500AE4032 /* 3@2x.png */ = {isa = PBXFileReference; lastKnownFileType = image.png; path = "3@2x.png"; sourceTree = "<group>"; };
		3092B8E315E2F85500AE4032 /* 4.png */ = {isa = PBXFileReference; lastKnownFileType = image.png; path = 4.png; sourceTree = "<group>"; };
		3092B8E415E2F85500AE4032 /* 4@2x.png */ = {isa = PBXFileReference; lastKnownFileType = image.png; path = "4@2x.png"; sourceTree = "<group>"; };
		3092B8E515E2F85500AE4032 /* 5.png */ = {isa = PBXFileReference; lastKnownFileType = image.png; path = 5.png; sourceTree = "<group>"; };
		3092B8E615E2F85500AE4032 /* 5@2x.png */ = {isa = PBXFileReference; lastKnownFileType = image.png; path = "5@2x.png"; sourceTree = "<group>"; };
		3092B8E715E2F85500AE4032 /* 6.png */ = {isa = PBXFileReference; lastKnownFileType = image.png; path = 6.png; sourceTree = "<group>"; };
		3092B8E815E2F85500AE4032 /* 6@2x.png */ = {isa = PBXFileReference; lastKnownFileType = image.png; path = "6@2x.png"; sourceTree = "<group>"; };
		3092B8E915E2F85500AE4032 /* 7.png */ = {isa = PBXFileReference; lastKnownFileType = image.png; path = 7.png; sourceTree = "<group>"; };
		3092B8EA15E2F85500AE4032 /* 7@2x.png */ = {isa = PBXFileReference; lastKnownFileType = image.png; path = "7@2x.png"; sourceTree = "<group>"; };
		3092B8EB15E2F85500AE4032 /* HHYoukuMenuView.h */ = {isa = PBXFileReference; fileEncoding = 4; lastKnownFileType = sourcecode.c.h; path = HHYoukuMenuView.h; sourceTree = "<group>"; };
		3092B8EC15E2F85500AE4032 /* HHYoukuMenuView.m */ = {isa = PBXFileReference; fileEncoding = 4; lastKnownFileType = sourcecode.c.objc; path = HHYoukuMenuView.m; sourceTree = "<group>"; };
		3092B8ED15E2F85500AE4032 /* hidemenu.png */ = {isa = PBXFileReference; lastKnownFileType = image.png; path = hidemenu.png; sourceTree = "<group>"; };
		3092B8EE15E2F85500AE4032 /* hidemenu@2x.png */ = {isa = PBXFileReference; lastKnownFileType = image.png; path = "hidemenu@2x.png"; sourceTree = "<group>"; };
		3092B8EF15E2F85500AE4032 /* mcartoon.png */ = {isa = PBXFileReference; lastKnownFileType = image.png; path = mcartoon.png; sourceTree = "<group>"; };
		3092B8F015E2F85500AE4032 /* mcartoon@2x.png */ = {isa = PBXFileReference; lastKnownFileType = image.png; path = "mcartoon@2x.png"; sourceTree = "<group>"; };
		3092B8F115E2F85500AE4032 /* mcartoonh.png */ = {isa = PBXFileReference; lastKnownFileType = image.png; path = mcartoonh.png; sourceTree = "<group>"; };
		3092B8F215E2F85500AE4032 /* mcartoonh@2x.png */ = {isa = PBXFileReference; lastKnownFileType = image.png; path = "mcartoonh@2x.png"; sourceTree = "<group>"; };
		3092B8F315E2F85500AE4032 /* menter.png */ = {isa = PBXFileReference; lastKnownFileType = image.png; path = menter.png; sourceTree = "<group>"; };
		3092B8F415E2F85500AE4032 /* menter@2x.png */ = {isa = PBXFileReference; lastKnownFileType = image.png; path = "menter@2x.png"; sourceTree = "<group>"; };
		3092B8F515E2F85500AE4032 /* menterh.png */ = {isa = PBXFileReference; lastKnownFileType = image.png; path = menterh.png; sourceTree = "<group>"; };
		3092B8F615E2F85500AE4032 /* menterh@2x.png */ = {isa = PBXFileReference; lastKnownFileType = image.png; path = "menterh@2x.png"; sourceTree = "<group>"; };
		3092B8F715E2F85500AE4032 /* menu.png */ = {isa = PBXFileReference; lastKnownFileType = image.png; path = menu.png; sourceTree = "<group>"; };
		3092B8F815E2F85500AE4032 /* menu1.png */ = {isa = PBXFileReference; lastKnownFileType = image.png; path = menu1.png; sourceTree = "<group>"; };
		3092B8F915E2F85500AE4032 /* menu1@2x.png */ = {isa = PBXFileReference; lastKnownFileType = image.png; path = "menu1@2x.png"; sourceTree = "<group>"; };
		3092B8FA15E2F85500AE4032 /* menu2.png */ = {isa = PBXFileReference; lastKnownFileType = image.png; path = menu2.png; sourceTree = "<group>"; };
		3092B8FB15E2F85500AE4032 /* menu2@2x.png */ = {isa = PBXFileReference; lastKnownFileType = image.png; path = "menu2@2x.png"; sourceTree = "<group>"; };
		3092B8FC15E2F85500AE4032 /* menu@2x.png */ = {isa = PBXFileReference; lastKnownFileType = image.png; path = "menu@2x.png"; sourceTree = "<group>"; };
		3092B8FD15E2F85500AE4032 /* mhome.png */ = {isa = PBXFileReference; lastKnownFileType = image.png; path = mhome.png; sourceTree = "<group>"; };
		3092B8FE15E2F85500AE4032 /* mhome@2x.png */ = {isa = PBXFileReference; lastKnownFileType = image.png; path = "mhome@2x.png"; sourceTree = "<group>"; };
		3092B8FF15E2F85500AE4032 /* mhomel.png */ = {isa = PBXFileReference; lastKnownFileType = image.png; path = mhomel.png; sourceTree = "<group>"; };
		3092B90015E2F85500AE4032 /* mhomel@2x.png */ = {isa = PBXFileReference; lastKnownFileType = image.png; path = "mhomel@2x.png"; sourceTree = "<group>"; };
		3092B90115E2F85500AE4032 /* mmenu.png */ = {isa = PBXFileReference; lastKnownFileType = image.png; path = mmenu.png; sourceTree = "<group>"; };
		3092B90215E2F85500AE4032 /* mmenu@2x.png */ = {isa = PBXFileReference; lastKnownFileType = image.png; path = "mmenu@2x.png"; sourceTree = "<group>"; };
		3092B90315E2F85500AE4032 /* mmenup.png */ = {isa = PBXFileReference; lastKnownFileType = image.png; path = mmenup.png; sourceTree = "<group>"; };
		3092B90415E2F85500AE4032 /* mmenup@2x.png */ = {isa = PBXFileReference; lastKnownFileType = image.png; path = "mmenup@2x.png"; sourceTree = "<group>"; };
		3092B90515E2F85500AE4032 /* mmovie.png */ = {isa = PBXFileReference; lastKnownFileType = image.png; path = mmovie.png; sourceTree = "<group>"; };
		3092B90615E2F85500AE4032 /* mmovie@2x.png */ = {isa = PBXFileReference; lastKnownFileType = image.png; path = "mmovie@2x.png"; sourceTree = "<group>"; };
		3092B90715E2F85500AE4032 /* mmovieh.png */ = {isa = PBXFileReference; lastKnownFileType = image.png; path = mmovieh.png; sourceTree = "<group>"; };
		3092B90815E2F85500AE4032 /* mmovieh@2x.png */ = {isa = PBXFileReference; lastKnownFileType = image.png; path = "mmovieh@2x.png"; sourceTree = "<group>"; };
		3092B90915E2F85500AE4032 /* mmusic.png */ = {isa = PBXFileReference; lastKnownFileType = image.png; path = mmusic.png; sourceTree = "<group>"; };
		3092B90A15E2F85500AE4032 /* mmusic@2x.png */ = {isa = PBXFileReference; lastKnownFileType = image.png; path = "mmusic@2x.png"; sourceTree = "<group>"; };
		3092B90B15E2F85500AE4032 /* mmusich.png */ = {isa = PBXFileReference; lastKnownFileType = image.png; path = mmusich.png; sourceTree = "<group>"; };
		3092B90C15E2F85500AE4032 /* mmusich@2x.png */ = {isa = PBXFileReference; lastKnownFileType = image.png; path = "mmusich@2x.png"; sourceTree = "<group>"; };
		3092B90D15E2F85500AE4032 /* mmyi.png */ = {isa = PBXFileReference; lastKnownFileType = image.png; path = mmyi.png; sourceTree = "<group>"; };
		3092B90E15E2F85500AE4032 /* mmyi@2x.png */ = {isa = PBXFileReference; lastKnownFileType = image.png; path = "mmyi@2x.png"; sourceTree = "<group>"; };
		3092B90F15E2F85500AE4032 /* mrank.png */ = {isa = PBXFileReference; lastKnownFileType = image.png; path = mrank.png; sourceTree = "<group>"; };
		3092B91015E2F85500AE4032 /* mrank@2x.png */ = {isa = PBXFileReference; lastKnownFileType = image.png; path = "mrank@2x.png"; sourceTree = "<group>"; };
		3092B91115E2F85500AE4032 /* mrankh.png */ = {isa = PBXFileReference; lastKnownFileType = image.png; path = mrankh.png; sourceTree = "<group>"; };
		3092B91215E2F85500AE4032 /* mrankh@2x.png */ = {isa = PBXFileReference; lastKnownFileType = image.png; path = "mrankh@2x.png"; sourceTree = "<group>"; };
		3092B91315E2F85500AE4032 /* msearch.png */ = {isa = PBXFileReference; lastKnownFileType = image.png; path = msearch.png; sourceTree = "<group>"; };
		3092B91415E2F85500AE4032 /* msearch@2x.png */ = {isa = PBXFileReference; lastKnownFileType = image.png; path = "msearch@2x.png"; sourceTree = "<group>"; };
		3092B91515E2F85500AE4032 /* mserial.png */ = {isa = PBXFileReference; lastKnownFileType = image.png; path = mserial.png; sourceTree = "<group>"; };
		3092B91615E2F85500AE4032 /* mserial@2x.png */ = {isa = PBXFileReference; lastKnownFileType = image.png; path = "mserial@2x.png"; sourceTree = "<group>"; };
		3092B91715E2F85500AE4032 /* mserialh.png */ = {isa = PBXFileReference; lastKnownFileType = image.png; path = mserialh.png; sourceTree = "<group>"; };
		3092B91815E2F85500AE4032 /* mserialh@2x.png */ = {isa = PBXFileReference; lastKnownFileType = image.png; path = "mserialh@2x.png"; sourceTree = "<group>"; };
		3092B91915E2F85500AE4032 /* mvideo.png */ = {isa = PBXFileReference; lastKnownFileType = image.png; path = mvideo.png; sourceTree = "<group>"; };
		3092B91A15E2F85500AE4032 /* mvideo@2x.png */ = {isa = PBXFileReference; lastKnownFileType = image.png; path = "mvideo@2x.png"; sourceTree = "<group>"; };
		3092B91B15E2F85500AE4032 /* mvideoh.png */ = {isa = PBXFileReference; lastKnownFileType = image.png; path = mvideoh.png; sourceTree = "<group>"; };
		3092B91C15E2F85500AE4032 /* mvideoh@2x.png */ = {isa = PBXFileReference; lastKnownFileType = image.png; path = "mvideoh@2x.png"; sourceTree = "<group>"; };
		30970E2915E0546A00CD5117 /* GPUImage.xcodeproj */ = {isa = PBXFileReference; lastKnownFileType = "wrapper.pb-project"; name = GPUImage.xcodeproj; path = framework/GPUImage.xcodeproj; sourceTree = "<group>"; };
		30970E3915E054A200CD5117 /* GPUImage.h */ = {isa = PBXFileReference; fileEncoding = 4; lastKnownFileType = sourcecode.c.h; name = GPUImage.h; path = framework/Source/GPUImage.h; sourceTree = SOURCE_ROOT; };
		30D5902615DFCCF1000C0C6A /* GPUImage.xcodeproj */ = {isa = PBXFileReference; lastKnownFileType = "wrapper.pb-project"; name = GPUImage.xcodeproj; path = GPUImage/GPUImage.xcodeproj; sourceTree = "<group>"; };
		C126B68E15C4A14300613404 /* AmzPhoto.app */ = {isa = PBXFileReference; explicitFileType = wrapper.application; includeInIndex = 0; path = AmzPhoto.app; sourceTree = BUILT_PRODUCTS_DIR; };
		C126B69215C4A14300613404 /* UIKit.framework */ = {isa = PBXFileReference; lastKnownFileType = wrapper.framework; name = UIKit.framework; path = System/Library/Frameworks/UIKit.framework; sourceTree = SDKROOT; };
		C126B69415C4A14300613404 /* Foundation.framework */ = {isa = PBXFileReference; lastKnownFileType = wrapper.framework; name = Foundation.framework; path = System/Library/Frameworks/Foundation.framework; sourceTree = SDKROOT; };
		C126B69615C4A14300613404 /* CoreGraphics.framework */ = {isa = PBXFileReference; lastKnownFileType = wrapper.framework; name = CoreGraphics.framework; path = System/Library/Frameworks/CoreGraphics.framework; sourceTree = SDKROOT; };
		C126B69A15C4A14300613404 /* AmzPhoto-Info.plist */ = {isa = PBXFileReference; lastKnownFileType = text.plist.xml; path = "AmzPhoto-Info.plist"; sourceTree = "<group>"; };
		C126B69C15C4A14300613404 /* en */ = {isa = PBXFileReference; lastKnownFileType = text.plist.strings; name = en; path = en.lproj/InfoPlist.strings; sourceTree = "<group>"; };
		C126B69E15C4A14300613404 /* main.m */ = {isa = PBXFileReference; lastKnownFileType = sourcecode.c.objc; path = main.m; sourceTree = "<group>"; };
		C126B6A015C4A14300613404 /* AmzPhoto-Prefix.pch */ = {isa = PBXFileReference; lastKnownFileType = sourcecode.c.h; path = "AmzPhoto-Prefix.pch"; sourceTree = "<group>"; };
		C126B6A115C4A14300613404 /* AppDelegate.h */ = {isa = PBXFileReference; lastKnownFileType = sourcecode.c.h; path = AppDelegate.h; sourceTree = "<group>"; };
		C126B6A215C4A14300613404 /* AppDelegate.m */ = {isa = PBXFileReference; lastKnownFileType = sourcecode.c.objc; path = AppDelegate.m; sourceTree = "<group>"; };
		C17E26CC15D1D0BA00C5C781 /* CoreMedia.framework */ = {isa = PBXFileReference; lastKnownFileType = wrapper.framework; name = CoreMedia.framework; path = System/Library/Frameworks/CoreMedia.framework; sourceTree = SDKROOT; };
		C17E26CF15D1D0C000C5C781 /* CoreVideo.framework */ = {isa = PBXFileReference; lastKnownFileType = wrapper.framework; name = CoreVideo.framework; path = System/Library/Frameworks/CoreVideo.framework; sourceTree = SDKROOT; };
		C17E26D115D1D0CD00C5C781 /* OpenGLES.framework */ = {isa = PBXFileReference; lastKnownFileType = wrapper.framework; name = OpenGLES.framework; path = System/Library/Frameworks/OpenGLES.framework; sourceTree = SDKROOT; };
		C17E26D315D1D0D400C5C781 /* QuartzCore.framework */ = {isa = PBXFileReference; lastKnownFileType = wrapper.framework; name = QuartzCore.framework; path = System/Library/Frameworks/QuartzCore.framework; sourceTree = SDKROOT; };
		C17E26D515D1D0E400C5C781 /* AssetsLibrary.framework */ = {isa = PBXFileReference; lastKnownFileType = wrapper.framework; name = AssetsLibrary.framework; path = System/Library/Frameworks/AssetsLibrary.framework; sourceTree = SDKROOT; };
		C17E26D715D1D0F300C5C781 /* AVFoundation.framework */ = {isa = PBXFileReference; lastKnownFileType = wrapper.framework; name = AVFoundation.framework; path = System/Library/Frameworks/AVFoundation.framework; sourceTree = SDKROOT; };
		C17E26DB15D1D14300C5C781 /* AFPhotoEditorContext.h */ = {isa = PBXFileReference; fileEncoding = 4; lastKnownFileType = sourcecode.c.h; path = AFPhotoEditorContext.h; sourceTree = "<group>"; };
		C17E26DC15D1D14300C5C781 /* AFPhotoEditorController.h */ = {isa = PBXFileReference; fileEncoding = 4; lastKnownFileType = sourcecode.c.h; path = AFPhotoEditorController.h; sourceTree = "<group>"; };
		C17E26DD15D1D14300C5C781 /* AFPhotoEditorControllerOptions.h */ = {isa = PBXFileReference; fileEncoding = 4; lastKnownFileType = sourcecode.c.h; path = AFPhotoEditorControllerOptions.h; sourceTree = "<group>"; };
		C17E26DE15D1D14300C5C781 /* AFPhotoEditorSession.h */ = {isa = PBXFileReference; fileEncoding = 4; lastKnownFileType = sourcecode.c.h; path = AFPhotoEditorSession.h; sourceTree = "<group>"; };
		C17E26DF15D1D14300C5C781 /* AFPhotoEditorStyle.h */ = {isa = PBXFileReference; fileEncoding = 4; lastKnownFileType = sourcecode.c.h; path = AFPhotoEditorStyle.h; sourceTree = "<group>"; };
		C17E26E015D1D14300C5C781 /* libAviarySDK.a */ = {isa = PBXFileReference; lastKnownFileType = archive.ar; path = libAviarySDK.a; sourceTree = "<group>"; };
		C17E26E215D1D14300C5C781 /* AviarySDKResources.bundle */ = {isa = PBXFileReference; lastKnownFileType = "wrapper.plug-in"; path = AviarySDKResources.bundle; sourceTree = "<group>"; };
		C17E26E415D1D14300C5C781 /* Default.png */ = {isa = PBXFileReference; lastKnownFileType = image.png; path = Default.png; sourceTree = "<group>"; };
		C17E26E815D1D1AE00C5C781 /* StoreKit.framework */ = {isa = PBXFileReference; lastKnownFileType = wrapper.framework; name = StoreKit.framework; path = System/Library/Frameworks/StoreKit.framework; sourceTree = SDKROOT; };
		C17E26EA15D1D1DD00C5C781 /* libz.1.1.3.dylib */ = {isa = PBXFileReference; lastKnownFileType = "compiled.mach-o.dylib"; name = libz.1.1.3.dylib; path = usr/lib/libz.1.1.3.dylib; sourceTree = SDKROOT; };
		C17E26EC15D1D1F200C5C781 /* CoreData.framework */ = {isa = PBXFileReference; lastKnownFileType = wrapper.framework; name = CoreData.framework; path = System/Library/Frameworks/CoreData.framework; sourceTree = SDKROOT; };
		C17E26EE15D1D25E00C5C781 /* libsqlite3.0.dylib */ = {isa = PBXFileReference; lastKnownFileType = "compiled.mach-o.dylib"; name = libsqlite3.0.dylib; path = usr/lib/libsqlite3.0.dylib; sourceTree = SDKROOT; };
		C1C9610915D5B49000439289 /* PagePhotoViewController.h */ = {isa = PBXFileReference; fileEncoding = 4; lastKnownFileType = sourcecode.c.h; path = PagePhotoViewController.h; sourceTree = "<group>"; };
		C1C9610A15D5B49000439289 /* PagePhotoViewController.m */ = {isa = PBXFileReference; fileEncoding = 4; lastKnownFileType = sourcecode.c.objc; path = PagePhotoViewController.m; sourceTree = "<group>"; };
		C1ED5C8915D29EB80072AAB0 /* PagePhotosDataSource.h */ = {isa = PBXFileReference; fileEncoding = 4; lastKnownFileType = sourcecode.c.h; path = PagePhotosDataSource.h; sourceTree = "<group>"; };
		C1ED5C8A15D29EB80072AAB0 /* PagePhotosView.h */ = {isa = PBXFileReference; fileEncoding = 4; lastKnownFileType = sourcecode.c.h; path = PagePhotosView.h; sourceTree = "<group>"; };
		C1ED5C8B15D29EB80072AAB0 /* PagePhotosView.m */ = {isa = PBXFileReference; fileEncoding = 4; lastKnownFileType = sourcecode.c.objc; path = PagePhotosView.m; sourceTree = "<group>"; };
		C1ED5C8D15D29EC20072AAB0 /* 1933_1.jpg */ = {isa = PBXFileReference; lastKnownFileType = image.jpeg; path = 1933_1.jpg; sourceTree = "<group>"; };
		C1ED5C8E15D29EC20072AAB0 /* 1933_2.jpg */ = {isa = PBXFileReference; lastKnownFileType = image.jpeg; path = 1933_2.jpg; sourceTree = "<group>"; };
		C1ED5C8F15D29EC20072AAB0 /* 1933_3.jpg */ = {isa = PBXFileReference; lastKnownFileType = image.jpeg; path = 1933_3.jpg; sourceTree = "<group>"; };
		C1ED5C9015D29EC20072AAB0 /* 1933_4.jpg */ = {isa = PBXFileReference; lastKnownFileType = image.jpeg; path = 1933_4.jpg; sourceTree = "<group>"; };
		C1ED5C9115D29EC20072AAB0 /* 1933_5.jpg */ = {isa = PBXFileReference; lastKnownFileType = image.jpeg; path = 1933_5.jpg; sourceTree = "<group>"; };
/* End PBXFileReference section */

/* Begin PBXFrameworksBuildPhase section */
		C126B68B15C4A14300613404 /* Frameworks */ = {
			isa = PBXFrameworksBuildPhase;
			buildActionMask = 2147483647;
			files = (
				30877E2015E0BC4C00C872B1 /* CoreImage.framework in Frameworks */,
				30970E3815E0548B00CD5117 /* libGPUImage.a in Frameworks */,
				C17E26EF15D1D25E00C5C781 /* libsqlite3.0.dylib in Frameworks */,
				C17E26ED15D1D1F200C5C781 /* CoreData.framework in Frameworks */,
				C17E26EB15D1D1DD00C5C781 /* libz.1.1.3.dylib in Frameworks */,
				C17E26E915D1D1AE00C5C781 /* StoreKit.framework in Frameworks */,
				C17E26D815D1D0F300C5C781 /* AVFoundation.framework in Frameworks */,
				C17E26D615D1D0E400C5C781 /* AssetsLibrary.framework in Frameworks */,
				C17E26D415D1D0D400C5C781 /* QuartzCore.framework in Frameworks */,
				C17E26D215D1D0CD00C5C781 /* OpenGLES.framework in Frameworks */,
				C17E26D015D1D0C000C5C781 /* CoreVideo.framework in Frameworks */,
				C17E26CD15D1D0BA00C5C781 /* CoreMedia.framework in Frameworks */,
				C126B69315C4A14300613404 /* UIKit.framework in Frameworks */,
				C126B69515C4A14300613404 /* Foundation.framework in Frameworks */,
				C126B69715C4A14300613404 /* CoreGraphics.framework in Frameworks */,
				C17E26E515D1D14300C5C781 /* libAviarySDK.a in Frameworks */,
			);
			runOnlyForDeploymentPostprocessing = 0;
		};
/* End PBXFrameworksBuildPhase section */

/* Begin PBXGroup section */
		30877E0015E0B59200C872B1 /* CPPickerView */ = {
			isa = PBXGroup;
			children = (
				30877E0115E0B59200C872B1 /* CPPickerView.h */,
				30877E0215E0B59200C872B1 /* CPPickerView.m */,
				30877E0315E0B59200C872B1 /* CPPickerViewCell.h */,
				30877E0415E0B59200C872B1 /* CPPickerViewCell.m */,
				30877E0515E0B59200C872B1 /* horizontalPickerShadow@2x.png */,
				30877E0615E0B59200C872B1 /* shadowOverlay@2x.png */,
				30877E0715E0B59200C872B1 /* stretchableGlass@2x.png */,
				30877E0815E0B59200C872B1 /* wheelBackground@2x.png */,
			);
			path = CPPickerView;
			sourceTree = "<group>";
		};
		3092B8DA15E2F85500AE4032 /* youku */ = {
			isa = PBXGroup;
			children = (
				3092B8DB15E2F85500AE4032 /* 0.png */,
				3092B8DC15E2F85500AE4032 /* 0@2x.png */,
				3092B8DD15E2F85500AE4032 /* 1.png */,
				3092B8DE15E2F85500AE4032 /* 1@2x.png */,
				3092B8DF15E2F85500AE4032 /* 2.png */,
				3092B8E015E2F85500AE4032 /* 2@2x.png */,
				3092B8E115E2F85500AE4032 /* 3.png */,
				3092B8E215E2F85500AE4032 /* 3@2x.png */,
				3092B8E315E2F85500AE4032 /* 4.png */,
				3092B8E415E2F85500AE4032 /* 4@2x.png */,
				3092B8E515E2F85500AE4032 /* 5.png */,
				3092B8E615E2F85500AE4032 /* 5@2x.png */,
				3092B8E715E2F85500AE4032 /* 6.png */,
				3092B8E815E2F85500AE4032 /* 6@2x.png */,
				3092B8E915E2F85500AE4032 /* 7.png */,
				3092B8EA15E2F85500AE4032 /* 7@2x.png */,
				3092B8EB15E2F85500AE4032 /* HHYoukuMenuView.h */,
				3092B8EC15E2F85500AE4032 /* HHYoukuMenuView.m */,
				3092B8ED15E2F85500AE4032 /* hidemenu.png */,
				3092B8EE15E2F85500AE4032 /* hidemenu@2x.png */,
				3092B8EF15E2F85500AE4032 /* mcartoon.png */,
				3092B8F015E2F85500AE4032 /* mcartoon@2x.png */,
				3092B8F115E2F85500AE4032 /* mcartoonh.png */,
				3092B8F215E2F85500AE4032 /* mcartoonh@2x.png */,
				3092B8F315E2F85500AE4032 /* menter.png */,
				3092B8F415E2F85500AE4032 /* menter@2x.png */,
				3092B8F515E2F85500AE4032 /* menterh.png */,
				3092B8F615E2F85500AE4032 /* menterh@2x.png */,
				3092B8F715E2F85500AE4032 /* menu.png */,
				3092B8F815E2F85500AE4032 /* menu1.png */,
				3092B8F915E2F85500AE4032 /* menu1@2x.png */,
				3092B8FA15E2F85500AE4032 /* menu2.png */,
				3092B8FB15E2F85500AE4032 /* menu2@2x.png */,
				3092B8FC15E2F85500AE4032 /* menu@2x.png */,
				3092B8FD15E2F85500AE4032 /* mhome.png */,
				3092B8FE15E2F85500AE4032 /* mhome@2x.png */,
				3092B8FF15E2F85500AE4032 /* mhomel.png */,
				3092B90015E2F85500AE4032 /* mhomel@2x.png */,
				3092B90115E2F85500AE4032 /* mmenu.png */,
				3092B90215E2F85500AE4032 /* mmenu@2x.png */,
				3092B90315E2F85500AE4032 /* mmenup.png */,
				3092B90415E2F85500AE4032 /* mmenup@2x.png */,
				3092B90515E2F85500AE4032 /* mmovie.png */,
				3092B90615E2F85500AE4032 /* mmovie@2x.png */,
				3092B90715E2F85500AE4032 /* mmovieh.png */,
				3092B90815E2F85500AE4032 /* mmovieh@2x.png */,
				3092B90915E2F85500AE4032 /* mmusic.png */,
				3092B90A15E2F85500AE4032 /* mmusic@2x.png */,
				3092B90B15E2F85500AE4032 /* mmusich.png */,
				3092B90C15E2F85500AE4032 /* mmusich@2x.png */,
				3092B90D15E2F85500AE4032 /* mmyi.png */,
				3092B90E15E2F85500AE4032 /* mmyi@2x.png */,
				3092B90F15E2F85500AE4032 /* mrank.png */,
				3092B91015E2F85500AE4032 /* mrank@2x.png */,
				3092B91115E2F85500AE4032 /* mrankh.png */,
				3092B91215E2F85500AE4032 /* mrankh@2x.png */,
				3092B91315E2F85500AE4032 /* msearch.png */,
				3092B91415E2F85500AE4032 /* msearch@2x.png */,
				3092B91515E2F85500AE4032 /* mserial.png */,
				3092B91615E2F85500AE4032 /* mserial@2x.png */,
				3092B91715E2F85500AE4032 /* mserialh.png */,
				3092B91815E2F85500AE4032 /* mserialh@2x.png */,
				3092B91915E2F85500AE4032 /* mvideo.png */,
				3092B91A15E2F85500AE4032 /* mvideo@2x.png */,
				3092B91B15E2F85500AE4032 /* mvideoh.png */,
				3092B91C15E2F85500AE4032 /* mvideoh@2x.png */,
			);
			path = youku;
			sourceTree = "<group>";
		};
		30970E2A15E0546A00CD5117 /* Products */ = {
			isa = PBXGroup;
			children = (
				30970E3315E0546A00CD5117 /* libGPUImage.a */,
				30970E3515E0546A00CD5117 /* GPUImageTests.octest */,
			);
			name = Products;
			sourceTree = "<group>";
		};
		30D5902715DFCCF1000C0C6A /* Products */ = {
			isa = PBXGroup;
			children = (
				30D5903015DFCCF2000C0C6A /* libGPUImage.a */,
				30D5903215DFCCF2000C0C6A /* GPUImageTests.octest */,
			);
			name = Products;
			sourceTree = "<group>";
		};
		C126B68315C4A14200613404 = {
			isa = PBXGroup;
			children = (
				C126B69815C4A14300613404 /* AmzPhoto */,
				C126B69115C4A14300613404 /* Frameworks */,
				C126B68F15C4A14300613404 /* Products */,
			);
			sourceTree = "<group>";
		};
		C126B68F15C4A14300613404 /* Products */ = {
			isa = PBXGroup;
			children = (
				C126B68E15C4A14300613404 /* AmzPhoto.app */,
			);
			name = Products;
			sourceTree = "<group>";
		};
		C126B69115C4A14300613404 /* Frameworks */ = {
			isa = PBXGroup;
			children = (
				30877E1F15E0BC4C00C872B1 /* CoreImage.framework */,
				30970E2915E0546A00CD5117 /* GPUImage.xcodeproj */,
				30D5902615DFCCF1000C0C6A /* GPUImage.xcodeproj */,
				C17E26EE15D1D25E00C5C781 /* libsqlite3.0.dylib */,
				C17E26EC15D1D1F200C5C781 /* CoreData.framework */,
				C17E26EA15D1D1DD00C5C781 /* libz.1.1.3.dylib */,
				C17E26E815D1D1AE00C5C781 /* StoreKit.framework */,
				C17E26D715D1D0F300C5C781 /* AVFoundation.framework */,
				C17E26D515D1D0E400C5C781 /* AssetsLibrary.framework */,
				C17E26D315D1D0D400C5C781 /* QuartzCore.framework */,
				C17E26D115D1D0CD00C5C781 /* OpenGLES.framework */,
				C17E26CF15D1D0C000C5C781 /* CoreVideo.framework */,
				C17E26CC15D1D0BA00C5C781 /* CoreMedia.framework */,
				C126B69215C4A14300613404 /* UIKit.framework */,
				C126B69415C4A14300613404 /* Foundation.framework */,
				C126B69615C4A14300613404 /* CoreGraphics.framework */,
			);
			name = Frameworks;
			sourceTree = "<group>";
		};
		C126B69815C4A14300613404 /* AmzPhoto */ = {
			isa = PBXGroup;
			children = (
				3092B8D815E2F85500AE4032 /* SingleImageViewController.h */,
				3092B8D915E2F85500AE4032 /* SingleImageViewController.m */,
				3092B8DA15E2F85500AE4032 /* youku */,
				30877E1A15E0B9FE00C872B1 /* ShowcaseFilterViewController.h */,
				30877E1B15E0B9FE00C872B1 /* ShowcaseFilterViewController.m */,
				30877E1C15E0B9FE00C872B1 /* ShowcaseFilterViewController.xib */,
				30877E0015E0B59200C872B1 /* CPPickerView */,
				30970E3915E054A200CD5117 /* GPUImage.h */,
				C1ED5C8815D29EB80072AAB0 /* PagePhotos */,
				C17E26D915D1D14300C5C781 /* AviarySDK */,
				C17E26E315D1D14300C5C781 /* sample */,
				C126B6A115C4A14300613404 /* AppDelegate.h */,
				C126B6A215C4A14300613404 /* AppDelegate.m */,
				C126B69915C4A14300613404 /* Supporting Files */,
			);
			path = AmzPhoto;
			sourceTree = "<group>";
		};
		C126B69915C4A14300613404 /* Supporting Files */ = {
			isa = PBXGroup;
			children = (
				C126B69A15C4A14300613404 /* AmzPhoto-Info.plist */,
				C126B69B15C4A14300613404 /* InfoPlist.strings */,
				C126B69E15C4A14300613404 /* main.m */,
				C126B6A015C4A14300613404 /* AmzPhoto-Prefix.pch */,
			);
			name = "Supporting Files";
			sourceTree = "<group>";
		};
		C17E26D915D1D14300C5C781 /* AviarySDK */ = {
			isa = PBXGroup;
			children = (
				C17E26DA15D1D14300C5C781 /* Headers */,
				C17E26E015D1D14300C5C781 /* libAviarySDK.a */,
				C17E26E115D1D14300C5C781 /* Resources */,
			);
			path = AviarySDK;
			sourceTree = "<group>";
		};
		C17E26DA15D1D14300C5C781 /* Headers */ = {
			isa = PBXGroup;
			children = (
				C17E26DB15D1D14300C5C781 /* AFPhotoEditorContext.h */,
				C17E26DC15D1D14300C5C781 /* AFPhotoEditorController.h */,
				C17E26DD15D1D14300C5C781 /* AFPhotoEditorControllerOptions.h */,
				C17E26DE15D1D14300C5C781 /* AFPhotoEditorSession.h */,
				C17E26DF15D1D14300C5C781 /* AFPhotoEditorStyle.h */,
			);
			path = Headers;
			sourceTree = "<group>";
		};
		C17E26E115D1D14300C5C781 /* Resources */ = {
			isa = PBXGroup;
			children = (
				C17E26E215D1D14300C5C781 /* AviarySDKResources.bundle */,
			);
			path = Resources;
			sourceTree = "<group>";
		};
		C17E26E315D1D14300C5C781 /* sample */ = {
			isa = PBXGroup;
			children = (
				3092B8D715E2F85500AE4032 /* image.png */,
				C17E26E415D1D14300C5C781 /* Default.png */,
			);
			path = sample;
			sourceTree = "<group>";
		};
		C1ED5C8815D29EB80072AAB0 /* PagePhotos */ = {
			isa = PBXGroup;
			children = (
				C1ED5C8D15D29EC20072AAB0 /* 1933_1.jpg */,
				C1ED5C8E15D29EC20072AAB0 /* 1933_2.jpg */,
				C1ED5C8F15D29EC20072AAB0 /* 1933_3.jpg */,
				C1ED5C9015D29EC20072AAB0 /* 1933_4.jpg */,
				C1ED5C9115D29EC20072AAB0 /* 1933_5.jpg */,
				C1ED5C8915D29EB80072AAB0 /* PagePhotosDataSource.h */,
				C1ED5C8A15D29EB80072AAB0 /* PagePhotosView.h */,
				C1ED5C8B15D29EB80072AAB0 /* PagePhotosView.m */,
				C1C9610915D5B49000439289 /* PagePhotoViewController.h */,
				C1C9610A15D5B49000439289 /* PagePhotoViewController.m */,
			);
			path = PagePhotos;
			sourceTree = "<group>";
		};
/* End PBXGroup section */

/* Begin PBXNativeTarget section */
		C126B68D15C4A14300613404 /* AmzPhoto */ = {
			isa = PBXNativeTarget;
			buildConfigurationList = C126B6AC15C4A14300613404 /* Build configuration list for PBXNativeTarget "AmzPhoto" */;
			buildPhases = (
				C126B68A15C4A14300613404 /* Sources */,
				C126B68B15C4A14300613404 /* Frameworks */,
				C126B68C15C4A14300613404 /* Resources */,
			);
			buildRules = (
			);
			dependencies = (
				30970E3715E0547F00CD5117 /* PBXTargetDependency */,
				30D5903415DFCD24000C0C6A /* PBXTargetDependency */,
			);
			name = AmzPhoto;
			productName = AmzPhoto;
			productReference = C126B68E15C4A14300613404 /* AmzPhoto.app */;
			productType = "com.apple.product-type.application";
		};
/* End PBXNativeTarget section */

/* Begin PBXProject section */
		C126B68515C4A14200613404 /* Project object */ = {
			isa = PBXProject;
			attributes = {
				LastUpgradeCheck = 0430;
			};
			buildConfigurationList = C126B68815C4A14200613404 /* Build configuration list for PBXProject "AmzPhoto" */;
			compatibilityVersion = "Xcode 3.2";
			developmentRegion = English;
			hasScannedForEncodings = 0;
			knownRegions = (
				en,
			);
			mainGroup = C126B68315C4A14200613404;
			productRefGroup = C126B68F15C4A14300613404 /* Products */;
			projectDirPath = "";
			projectReferences = (
				{
					ProductGroup = 30D5902715DFCCF1000C0C6A /* Products */;
					ProjectRef = 30D5902615DFCCF1000C0C6A /* GPUImage.xcodeproj */;
				},
				{
					ProductGroup = 30970E2A15E0546A00CD5117 /* Products */;
					ProjectRef = 30970E2915E0546A00CD5117 /* GPUImage.xcodeproj */;
				},
			);
			projectRoot = "";
			targets = (
				C126B68D15C4A14300613404 /* AmzPhoto */,
			);
		};
/* End PBXProject section */

/* Begin PBXReferenceProxy section */
		30970E3315E0546A00CD5117 /* libGPUImage.a */ = {
			isa = PBXReferenceProxy;
			fileType = archive.ar;
			path = libGPUImage.a;
			remoteRef = 30970E3215E0546A00CD5117 /* PBXContainerItemProxy */;
			sourceTree = BUILT_PRODUCTS_DIR;
		};
		30970E3515E0546A00CD5117 /* GPUImageTests.octest */ = {
			isa = PBXReferenceProxy;
			fileType = wrapper.cfbundle;
			path = GPUImageTests.octest;
			remoteRef = 30970E3415E0546A00CD5117 /* PBXContainerItemProxy */;
			sourceTree = BUILT_PRODUCTS_DIR;
		};
		30D5903015DFCCF2000C0C6A /* libGPUImage.a */ = {
			isa = PBXReferenceProxy;
			fileType = archive.ar;
			path = libGPUImage.a;
			remoteRef = 30D5902F15DFCCF2000C0C6A /* PBXContainerItemProxy */;
			sourceTree = BUILT_PRODUCTS_DIR;
		};
		30D5903215DFCCF2000C0C6A /* GPUImageTests.octest */ = {
			isa = PBXReferenceProxy;
			fileType = wrapper.cfbundle;
			path = GPUImageTests.octest;
			remoteRef = 30D5903115DFCCF2000C0C6A /* PBXContainerItemProxy */;
			sourceTree = BUILT_PRODUCTS_DIR;
		};
/* End PBXReferenceProxy section */

/* Begin PBXResourcesBuildPhase section */
		C126B68C15C4A14300613404 /* Resources */ = {
			isa = PBXResourcesBuildPhase;
			buildActionMask = 2147483647;
			files = (
				C126B69D15C4A14300613404 /* InfoPlist.strings in Resources */,
				C17E26E615D1D14300C5C781 /* AviarySDKResources.bundle in Resources */,
				C17E26E715D1D14300C5C781 /* Default.png in Resources */,
				C1ED5C9215D29EC20072AAB0 /* 1933_1.jpg in Resources */,
				C1ED5C9315D29EC20072AAB0 /* 1933_2.jpg in Resources */,
				C1ED5C9415D29EC20072AAB0 /* 1933_3.jpg in Resources */,
				C1ED5C9515D29EC20072AAB0 /* 1933_4.jpg in Resources */,
				C1ED5C9615D29EC20072AAB0 /* 1933_5.jpg in Resources */,
				30877E0B15E0B59200C872B1 /* horizontalPickerShadow@2x.png in Resources */,
				30877E0C15E0B59200C872B1 /* shadowOverlay@2x.png in Resources */,
				30877E0D15E0B59200C872B1 /* stretchableGlass@2x.png in Resources */,
				30877E0E15E0B59200C872B1 /* wheelBackground@2x.png in Resources */,
				30877E1E15E0B9FE00C872B1 /* ShowcaseFilterViewController.xib in Resources */,
				3092B91D15E2F85500AE4032 /* image.png in Resources */,
				3092B91F15E2F85500AE4032 /* 0.png in Resources */,
				3092B92015E2F85500AE4032 /* 0@2x.png in Resources */,
				3092B92115E2F85500AE4032 /* 1.png in Resources */,
				3092B92215E2F85500AE4032 /* 1@2x.png in Resources */,
				3092B92315E2F85500AE4032 /* 2.png in Resources */,
				3092B92415E2F85500AE4032 /* 2@2x.png in Resources */,
				3092B92515E2F85500AE4032 /* 3.png in Resources */,
				3092B92615E2F85500AE4032 /* 3@2x.png in Resources */,
				3092B92715E2F85500AE4032 /* 4.png in Resources */,
				3092B92815E2F85500AE4032 /* 4@2x.png in Resources */,
				3092B92915E2F85500AE4032 /* 5.png in Resources */,
				3092B92A15E2F85500AE4032 /* 5@2x.png in Resources */,
				3092B92B15E2F85500AE4032 /* 6.png in Resources */,
				3092B92C15E2F85500AE4032 /* 6@2x.png in Resources */,
				3092B92D15E2F85500AE4032 /* 7.png in Resources */,
				3092B92E15E2F85500AE4032 /* 7@2x.png in Resources */,
				3092B93015E2F85500AE4032 /* hidemenu.png in Resources */,
				3092B93115E2F85500AE4032 /* hidemenu@2x.png in Resources */,
				3092B93215E2F85500AE4032 /* mcartoon.png in Resources */,
				3092B93315E2F85500AE4032 /* mcartoon@2x.png in Resources */,
				3092B93415E2F85500AE4032 /* mcartoonh.png in Resources */,
				3092B93515E2F85500AE4032 /* mcartoonh@2x.png in Resources */,
				3092B93615E2F85500AE4032 /* menter.png in Resources */,
				3092B93715E2F85500AE4032 /* menter@2x.png in Resources */,
				3092B93815E2F85500AE4032 /* menterh.png in Resources */,
				3092B93915E2F85500AE4032 /* menterh@2x.png in Resources */,
				3092B93A15E2F85500AE4032 /* menu.png in Resources */,
				3092B93B15E2F85500AE4032 /* menu1.png in Resources */,
				3092B93C15E2F85500AE4032 /* menu1@2x.png in Resources */,
				3092B93D15E2F85500AE4032 /* menu2.png in Resources */,
				3092B93E15E2F85500AE4032 /* menu2@2x.png in Resources */,
				3092B93F15E2F85500AE4032 /* menu@2x.png in Resources */,
				3092B94015E2F85500AE4032 /* mhome.png in Resources */,
				3092B94115E2F85500AE4032 /* mhome@2x.png in Resources */,
				3092B94215E2F85500AE4032 /* mhomel.png in Resources */,
				3092B94315E2F85500AE4032 /* mhomel@2x.png in Resources */,
				3092B94415E2F85500AE4032 /* mmenu.png in Resources */,
				3092B94515E2F85500AE4032 /* mmenu@2x.png in Resources */,
				3092B94615E2F85500AE4032 /* mmenup.png in Resources */,
				3092B94715E2F85500AE4032 /* mmenup@2x.png in Resources */,
				3092B94815E2F85500AE4032 /* mmovie.png in Resources */,
				3092B94915E2F85500AE4032 /* mmovie@2x.png in Resources */,
				3092B94A15E2F85600AE4032 /* mmovieh.png in Resources */,
				3092B94B15E2F85600AE4032 /* mmovieh@2x.png in Resources */,
				3092B94C15E2F85600AE4032 /* mmusic.png in Resources */,
				3092B94D15E2F85600AE4032 /* mmusic@2x.png in Resources */,
				3092B94E15E2F85600AE4032 /* mmusich.png in Resources */,
				3092B94F15E2F85600AE4032 /* mmusich@2x.png in Resources */,
				3092B95015E2F85600AE4032 /* mmyi.png in Resources */,
				3092B95115E2F85600AE4032 /* mmyi@2x.png in Resources */,
				3092B95215E2F85600AE4032 /* mrank.png in Resources */,
				3092B95315E2F85600AE4032 /* mrank@2x.png in Resources */,
				3092B95415E2F85600AE4032 /* mrankh.png in Resources */,
				3092B95515E2F85600AE4032 /* mrankh@2x.png in Resources */,
				3092B95615E2F85600AE4032 /* msearch.png in Resources */,
				3092B95715E2F85600AE4032 /* msearch@2x.png in Resources */,
				3092B95815E2F85600AE4032 /* mserial.png in Resources */,
				3092B95915E2F85600AE4032 /* mserial@2x.png in Resources */,
				3092B95A15E2F85600AE4032 /* mserialh.png in Resources */,
				3092B95B15E2F85600AE4032 /* mserialh@2x.png in Resources */,
				3092B95C15E2F85600AE4032 /* mvideo.png in Resources */,
				3092B95D15E2F85600AE4032 /* mvideo@2x.png in Resources */,
				3092B95E15E2F85600AE4032 /* mvideoh.png in Resources */,
				3092B95F15E2F85600AE4032 /* mvideoh@2x.png in Resources */,
			);
			runOnlyForDeploymentPostprocessing = 0;
		};
/* End PBXResourcesBuildPhase section */

/* Begin PBXSourcesBuildPhase section */
		C126B68A15C4A14300613404 /* Sources */ = {
			isa = PBXSourcesBuildPhase;
			buildActionMask = 2147483647;
			files = (
				C126B69F15C4A14300613404 /* main.m in Sources */,
				C126B6A315C4A14300613404 /* AppDelegate.m in Sources */,
				C1ED5C8C15D29EB80072AAB0 /* PagePhotosView.m in Sources */,
				C1C9610B15D5B49000439289 /* PagePhotoViewController.m in Sources */,
				30877E0915E0B59200C872B1 /* CPPickerView.m in Sources */,
				30877E0A15E0B59200C872B1 /* CPPickerViewCell.m in Sources */,
				30877E1D15E0B9FE00C872B1 /* ShowcaseFilterViewController.m in Sources */,
				3092B91E15E2F85500AE4032 /* SingleImageViewController.m in Sources */,
				3092B92F15E2F85500AE4032 /* HHYoukuMenuView.m in Sources */,
			);
			runOnlyForDeploymentPostprocessing = 0;
		};
/* End PBXSourcesBuildPhase section */

/* Begin PBXTargetDependency section */
		30970E3715E0547F00CD5117 /* PBXTargetDependency */ = {
			isa = PBXTargetDependency;
			name = GPUImage;
			targetProxy = 30970E3615E0547F00CD5117 /* PBXContainerItemProxy */;
		};
		30D5903415DFCD24000C0C6A /* PBXTargetDependency */ = {
			isa = PBXTargetDependency;
			name = GPUImage;
			targetProxy = 30D5903315DFCD24000C0C6A /* PBXContainerItemProxy */;
		};
/* End PBXTargetDependency section */

/* Begin PBXVariantGroup section */
		C126B69B15C4A14300613404 /* InfoPlist.strings */ = {
			isa = PBXVariantGroup;
			children = (
				C126B69C15C4A14300613404 /* en */,
			);
			name = InfoPlist.strings;
			sourceTree = "<group>";
		};
/* End PBXVariantGroup section */

/* Begin XCBuildConfiguration section */
		C126B6AA15C4A14300613404 /* Debug */ = {
			isa = XCBuildConfiguration;
			buildSettings = {
				ALWAYS_SEARCH_USER_PATHS = NO;
				ARCHS = "$(ARCHS_STANDARD_32_BIT)";
				CLANG_ENABLE_OBJC_ARC = YES;
				"CODE_SIGN_IDENTITY[sdk=iphoneos*]" = "iPhone Developer";
				COPY_PHASE_STRIP = NO;
				GCC_C_LANGUAGE_STANDARD = gnu99;
				GCC_DYNAMIC_NO_PIC = NO;
				GCC_OPTIMIZATION_LEVEL = 0;
				GCC_PREPROCESSOR_DEFINITIONS = (
					"DEBUG=1",
					"$(inherited)",
				);
				GCC_SYMBOLS_PRIVATE_EXTERN = NO;
				GCC_VERSION = com.apple.compilers.llvm.clang.1_0;
				GCC_WARN_ABOUT_RETURN_TYPE = YES;
				GCC_WARN_UNINITIALIZED_AUTOS = YES;
				GCC_WARN_UNUSED_VARIABLE = YES;
				IPHONEOS_DEPLOYMENT_TARGET = 5.1;
				SDKROOT = iphoneos;
			};
			name = Debug;
		};
		C126B6AB15C4A14300613404 /* Release */ = {
			isa = XCBuildConfiguration;
			buildSettings = {
				ALWAYS_SEARCH_USER_PATHS = NO;
				ARCHS = "$(ARCHS_STANDARD_32_BIT)";
				CLANG_ENABLE_OBJC_ARC = YES;
				"CODE_SIGN_IDENTITY[sdk=iphoneos*]" = "iPhone Developer";
				COPY_PHASE_STRIP = YES;
				GCC_C_LANGUAGE_STANDARD = gnu99;
				GCC_VERSION = com.apple.compilers.llvm.clang.1_0;
				GCC_WARN_ABOUT_RETURN_TYPE = YES;
				GCC_WARN_UNINITIALIZED_AUTOS = YES;
				GCC_WARN_UNUSED_VARIABLE = YES;
				IPHONEOS_DEPLOYMENT_TARGET = 5.1;
				OTHER_CFLAGS = "-DNS_BLOCK_ASSERTIONS=1";
				SDKROOT = iphoneos;
				VALIDATE_PRODUCT = YES;
			};
			name = Release;
		};
		C126B6AD15C4A14300613404 /* Debug */ = {
			isa = XCBuildConfiguration;
			buildSettings = {
				CLANG_ENABLE_OBJC_ARC = NO;
				GCC_PRECOMPILE_PREFIX_HEADER = YES;
				GCC_PREFIX_HEADER = "AmzPhoto/AmzPhoto-Prefix.pch";
				INFOPLIST_FILE = "AmzPhoto/AmzPhoto-Info.plist";
				IPHONEOS_DEPLOYMENT_TARGET = 5.0;
				LIBRARY_SEARCH_PATHS = (
					"$(inherited)",
					"\"$(SRCROOT)\"",
					"\"$(SRCROOT)/AmzPhoto/AviarySDK\"",
				);
				OTHER_LDFLAGS = "-fobjc-arc";
				PRODUCT_NAME = "$(TARGET_NAME)";
				WRAPPER_EXTENSION = app;
			};
			name = Debug;
		};
		C126B6AE15C4A14300613404 /* Release */ = {
			isa = XCBuildConfiguration;
			buildSettings = {
				CLANG_ENABLE_OBJC_ARC = NO;
				GCC_PRECOMPILE_PREFIX_HEADER = YES;
				GCC_PREFIX_HEADER = "AmzPhoto/AmzPhoto-Prefix.pch";
				INFOPLIST_FILE = "AmzPhoto/AmzPhoto-Info.plist";
				IPHONEOS_DEPLOYMENT_TARGET = 5.0;
				LIBRARY_SEARCH_PATHS = (
					"$(inherited)",
					"\"$(SRCROOT)\"",
					"\"$(SRCROOT)/AmzPhoto/AviarySDK\"",
				);
				OTHER_LDFLAGS = "-fobjc-arc";
				PRODUCT_NAME = "$(TARGET_NAME)";
				WRAPPER_EXTENSION = app;
			};
			name = Release;
		};
/* End XCBuildConfiguration section */

/* Begin XCConfigurationList section */
		C126B68815C4A14200613404 /* Build configuration list for PBXProject "AmzPhoto" */ = {
			isa = XCConfigurationList;
			buildConfigurations = (
				C126B6AA15C4A14300613404 /* Debug */,
				C126B6AB15C4A14300613404 /* Release */,
			);
			defaultConfigurationIsVisible = 0;
			defaultConfigurationName = Release;
		};
		C126B6AC15C4A14300613404 /* Build configuration list for PBXNativeTarget "AmzPhoto" */ = {
			isa = XCConfigurationList;
			buildConfigurations = (
				C126B6AD15C4A14300613404 /* Debug */,
				C126B6AE15C4A14300613404 /* Release */,
			);
			defaultConfigurationIsVisible = 0;
			defaultConfigurationName = Release;
		};
/* End XCConfigurationList section */
	};
	rootObject = C126B68515C4A14200613404 /* Project object */;
}
